// !$*UTF8*$!
{
	archiveVersion = 1;
	classes = {
	};
	objectVersion = 46;
	objects = {

/* Begin PBXBuildFile section */
		C40162C11C2EC26100AE1B5C /* OAuthSwift+BrightFutures.swift in Sources */ = {isa = PBXBuildFile; fileRef = C4D74B951C24B9E10071AD3E /* OAuthSwift+BrightFutures.swift */; };
		C44669231D99792B00ABE260 /* BrightFutures.framework in Frameworks */ = {isa = PBXBuildFile; fileRef = C44669201D99792B00ABE260 /* BrightFutures.framework */; };
		C44669241D99792B00ABE260 /* OAuthSwift.framework in Frameworks */ = {isa = PBXBuildFile; fileRef = C44669211D99792B00ABE260 /* OAuthSwift.framework */; };
		C44669251D99792B00ABE260 /* Result.framework in Frameworks */ = {isa = PBXBuildFile; fileRef = C44669221D99792B00ABE260 /* Result.framework */; };
		C44669291D99794000ABE260 /* BrightFutures.framework in Frameworks */ = {isa = PBXBuildFile; fileRef = C44669261D99794000ABE260 /* BrightFutures.framework */; };
		C446692A1D99794000ABE260 /* OAuthSwift.framework in Frameworks */ = {isa = PBXBuildFile; fileRef = C44669271D99794000ABE260 /* OAuthSwift.framework */; };
		C446692B1D99794000ABE260 /* Result.framework in Frameworks */ = {isa = PBXBuildFile; fileRef = C44669281D99794000ABE260 /* Result.framework */; };
		C446692F1D99795300ABE260 /* BrightFutures.framework in Frameworks */ = {isa = PBXBuildFile; fileRef = C446692C1D99795300ABE260 /* BrightFutures.framework */; };
		C44669301D99795300ABE260 /* OAuthSwift.framework in Frameworks */ = {isa = PBXBuildFile; fileRef = C446692D1D99795300ABE260 /* OAuthSwift.framework */; };
		C44669311D99795300ABE260 /* Result.framework in Frameworks */ = {isa = PBXBuildFile; fileRef = C446692E1D99795300ABE260 /* Result.framework */; };
		C4D74B8E1C24B9D20071AD3E /* OAuthSwiftFutures.h in Headers */ = {isa = PBXBuildFile; fileRef = C4D74B8D1C24B9D20071AD3E /* OAuthSwiftFutures.h */; settings = {ATTRIBUTES = (Public, ); }; };
		C4D74B961C24B9E10071AD3E /* OAuthSwift+BrightFutures.swift in Sources */ = {isa = PBXBuildFile; fileRef = C4D74B951C24B9E10071AD3E /* OAuthSwift+BrightFutures.swift */; };
		C4D74B9F1C24BA900071AD3E /* OAuthSwiftFuturesOSX.h in Headers */ = {isa = PBXBuildFile; fileRef = C4D74B9E1C24BA900071AD3E /* OAuthSwiftFuturesOSX.h */; settings = {ATTRIBUTES = (Public, ); }; };
		C4D74BA41C24BAA90071AD3E /* OAuthSwift+BrightFutures.swift in Sources */ = {isa = PBXBuildFile; fileRef = C4D74B951C24B9E10071AD3E /* OAuthSwift+BrightFutures.swift */; };
		C4D74BAD1C24BAD50071AD3E /* OAuthSwiftFuturesTVOS.h in Headers */ = {isa = PBXBuildFile; fileRef = C4D74BAC1C24BAD50071AD3E /* OAuthSwiftFuturesTVOS.h */; settings = {ATTRIBUTES = (Public, ); }; };
		C4D74BB31C24C0E40071AD3E /* OAuthSwiftClient+BrightFutures.swift in Sources */ = {isa = PBXBuildFile; fileRef = C4D74BB21C24C0E40071AD3E /* OAuthSwiftClient+BrightFutures.swift */; };
		C4D74BB41C24C0E40071AD3E /* OAuthSwiftClient+BrightFutures.swift in Sources */ = {isa = PBXBuildFile; fileRef = C4D74BB21C24C0E40071AD3E /* OAuthSwiftClient+BrightFutures.swift */; };
		C4D74BB51C24C0E40071AD3E /* OAuthSwiftClient+BrightFutures.swift in Sources */ = {isa = PBXBuildFile; fileRef = C4D74BB21C24C0E40071AD3E /* OAuthSwiftClient+BrightFutures.swift */; };
/* End PBXBuildFile section */

/* Begin PBXFileReference section */
		C44669201D99792B00ABE260 /* BrightFutures.framework */ = {isa = PBXFileReference; lastKnownFileType = wrapper.framework; name = BrightFutures.framework; path = Carthage/Build/iOS/BrightFutures.framework; sourceTree = "<group>"; };
		C44669211D99792B00ABE260 /* OAuthSwift.framework */ = {isa = PBXFileReference; lastKnownFileType = wrapper.framework; name = OAuthSwift.framework; path = Carthage/Build/iOS/OAuthSwift.framework; sourceTree = "<group>"; };
		C44669221D99792B00ABE260 /* Result.framework */ = {isa = PBXFileReference; lastKnownFileType = wrapper.framework; name = Result.framework; path = Carthage/Build/iOS/Result.framework; sourceTree = "<group>"; };
		C44669261D99794000ABE260 /* BrightFutures.framework */ = {isa = PBXFileReference; lastKnownFileType = wrapper.framework; name = BrightFutures.framework; path = Carthage/Build/tvOS/BrightFutures.framework; sourceTree = "<group>"; };
		C44669271D99794000ABE260 /* OAuthSwift.framework */ = {isa = PBXFileReference; lastKnownFileType = wrapper.framework; name = OAuthSwift.framework; path = Carthage/Build/tvOS/OAuthSwift.framework; sourceTree = "<group>"; };
		C44669281D99794000ABE260 /* Result.framework */ = {isa = PBXFileReference; lastKnownFileType = wrapper.framework; name = Result.framework; path = Carthage/Build/tvOS/Result.framework; sourceTree = "<group>"; };
		C446692C1D99795300ABE260 /* BrightFutures.framework */ = {isa = PBXFileReference; lastKnownFileType = wrapper.framework; name = BrightFutures.framework; path = Carthage/Build/Mac/BrightFutures.framework; sourceTree = "<group>"; };
		C446692D1D99795300ABE260 /* OAuthSwift.framework */ = {isa = PBXFileReference; lastKnownFileType = wrapper.framework; name = OAuthSwift.framework; path = Carthage/Build/Mac/OAuthSwift.framework; sourceTree = "<group>"; };
		C446692E1D99795300ABE260 /* Result.framework */ = {isa = PBXFileReference; lastKnownFileType = wrapper.framework; name = Result.framework; path = Carthage/Build/Mac/Result.framework; sourceTree = "<group>"; };
		C4D74B8A1C24B9D20071AD3E /* OAuthSwiftFuturesIOS.framework */ = {isa = PBXFileReference; explicitFileType = wrapper.framework; includeInIndex = 0; path = OAuthSwiftFuturesIOS.framework; sourceTree = BUILT_PRODUCTS_DIR; };
		C4D74B8D1C24B9D20071AD3E /* OAuthSwiftFutures.h */ = {isa = PBXFileReference; lastKnownFileType = sourcecode.c.h; path = OAuthSwiftFutures.h; sourceTree = "<group>"; };
		C4D74B8F1C24B9D20071AD3E /* Info.plist */ = {isa = PBXFileReference; lastKnownFileType = text.plist.xml; path = Info.plist; sourceTree = "<group>"; };
		C4D74B951C24B9E10071AD3E /* OAuthSwift+BrightFutures.swift */ = {isa = PBXFileReference; fileEncoding = 4; lastKnownFileType = sourcecode.swift; path = "OAuthSwift+BrightFutures.swift"; sourceTree = "<group>"; };
		C4D74B9C1C24BA900071AD3E /* OAuthSwiftFutures.framework */ = {isa = PBXFileReference; explicitFileType = wrapper.framework; includeInIndex = 0; path = OAuthSwiftFutures.framework; sourceTree = BUILT_PRODUCTS_DIR; };
		C4D74B9E1C24BA900071AD3E /* OAuthSwiftFuturesOSX.h */ = {isa = PBXFileReference; lastKnownFileType = sourcecode.c.h; path = OAuthSwiftFuturesOSX.h; sourceTree = "<group>"; };
		C4D74BA01C24BA900071AD3E /* Info.plist */ = {isa = PBXFileReference; lastKnownFileType = text.plist.xml; path = Info.plist; sourceTree = "<group>"; };
		C4D74BAA1C24BAD50071AD3E /* OAuthSwiftFutures.framework */ = {isa = PBXFileReference; explicitFileType = wrapper.framework; includeInIndex = 0; path = OAuthSwiftFutures.framework; sourceTree = BUILT_PRODUCTS_DIR; };
		C4D74BAC1C24BAD50071AD3E /* OAuthSwiftFuturesTVOS.h */ = {isa = PBXFileReference; lastKnownFileType = sourcecode.c.h; path = OAuthSwiftFuturesTVOS.h; sourceTree = "<group>"; };
		C4D74BAE1C24BAD50071AD3E /* Info.plist */ = {isa = PBXFileReference; lastKnownFileType = text.plist.xml; path = Info.plist; sourceTree = "<group>"; };
		C4D74BB21C24C0E40071AD3E /* OAuthSwiftClient+BrightFutures.swift */ = {isa = PBXFileReference; fileEncoding = 4; lastKnownFileType = sourcecode.swift; path = "OAuthSwiftClient+BrightFutures.swift"; sourceTree = "<group>"; };
/* End PBXFileReference section */

/* Begin PBXFrameworksBuildPhase section */
		C4D74B861C24B9D20071AD3E /* Frameworks */ = {
			isa = PBXFrameworksBuildPhase;
			buildActionMask = 2147483647;
			files = (
				C44669251D99792B00ABE260 /* Result.framework in Frameworks */,
				C44669241D99792B00ABE260 /* OAuthSwift.framework in Frameworks */,
				C44669231D99792B00ABE260 /* BrightFutures.framework in Frameworks */,
			);
			runOnlyForDeploymentPostprocessing = 0;
		};
		C4D74B981C24BA900071AD3E /* Frameworks */ = {
			isa = PBXFrameworksBuildPhase;
			buildActionMask = 2147483647;
			files = (
				C44669311D99795300ABE260 /* Result.framework in Frameworks */,
				C44669301D99795300ABE260 /* OAuthSwift.framework in Frameworks */,
				C446692F1D99795300ABE260 /* BrightFutures.framework in Frameworks */,
			);
			runOnlyForDeploymentPostprocessing = 0;
		};
		C4D74BA61C24BAD50071AD3E /* Frameworks */ = {
			isa = PBXFrameworksBuildPhase;
			buildActionMask = 2147483647;
			files = (
				C446692B1D99794000ABE260 /* Result.framework in Frameworks */,
				C446692A1D99794000ABE260 /* OAuthSwift.framework in Frameworks */,
				C44669291D99794000ABE260 /* BrightFutures.framework in Frameworks */,
			);
			runOnlyForDeploymentPostprocessing = 0;
		};
/* End PBXFrameworksBuildPhase section */

/* Begin PBXGroup section */
		2E8D5391966005442AABBC83 /* Frameworks */ = {
			isa = PBXGroup;
			children = (
				C446691F1D99791600ABE260 /* Mac */,
				C446691E1D99790F00ABE260 /* tvOS */,
				C446691D1D99790900ABE260 /* iOS */,
			);
			name = Frameworks;
			sourceTree = "<group>";
		};
		C446691C1D9973D700ABE260 /* Sources */ = {
			isa = PBXGroup;
			children = (
				C4D74B951C24B9E10071AD3E /* OAuthSwift+BrightFutures.swift */,
				C4D74BB21C24C0E40071AD3E /* OAuthSwiftClient+BrightFutures.swift */,
			);
			path = Sources;
			sourceTree = "<group>";
		};
		C446691D1D99790900ABE260 /* iOS */ = {
			isa = PBXGroup;
			children = (
				C44669201D99792B00ABE260 /* BrightFutures.framework */,
				C44669211D99792B00ABE260 /* OAuthSwift.framework */,
				C44669221D99792B00ABE260 /* Result.framework */,
			);
			name = iOS;
			sourceTree = "<group>";
		};
		C446691E1D99790F00ABE260 /* tvOS */ = {
			isa = PBXGroup;
			children = (
				C44669261D99794000ABE260 /* BrightFutures.framework */,
				C44669271D99794000ABE260 /* OAuthSwift.framework */,
				C44669281D99794000ABE260 /* Result.framework */,
			);
			name = tvOS;
			sourceTree = "<group>";
		};
		C446691F1D99791600ABE260 /* Mac */ = {
			isa = PBXGroup;
			children = (
				C446692C1D99795300ABE260 /* BrightFutures.framework */,
				C446692D1D99795300ABE260 /* OAuthSwift.framework */,
				C446692E1D99795300ABE260 /* Result.framework */,
			);
			name = Mac;
			sourceTree = "<group>";
		};
		C4D74B801C24B9D20071AD3E = {
			isa = PBXGroup;
			children = (
				C446691C1D9973D700ABE260 /* Sources */,
				C4D74B8C1C24B9D20071AD3E /* OAuthSwiftFutures */,
				C4D74B9D1C24BA900071AD3E /* OAuthSwiftFuturesOSX */,
				C4D74BAB1C24BAD50071AD3E /* OAuthSwiftFuturesTVOS */,
				C4D74B8B1C24B9D20071AD3E /* Products */,
				2E8D5391966005442AABBC83 /* Frameworks */,
			);
			sourceTree = "<group>";
		};
		C4D74B8B1C24B9D20071AD3E /* Products */ = {
			isa = PBXGroup;
			children = (
				C4D74B8A1C24B9D20071AD3E /* OAuthSwiftFuturesIOS.framework */,
				C4D74B9C1C24BA900071AD3E /* OAuthSwiftFutures.framework */,
				C4D74BAA1C24BAD50071AD3E /* OAuthSwiftFutures.framework */,
			);
			name = Products;
			sourceTree = "<group>";
		};
		C4D74B8C1C24B9D20071AD3E /* OAuthSwiftFutures */ = {
			isa = PBXGroup;
			children = (
				C4D74B8D1C24B9D20071AD3E /* OAuthSwiftFutures.h */,
				C4D74B8F1C24B9D20071AD3E /* Info.plist */,
			);
			path = OAuthSwiftFutures;
			sourceTree = "<group>";
		};
		C4D74B9D1C24BA900071AD3E /* OAuthSwiftFuturesOSX */ = {
			isa = PBXGroup;
			children = (
				C4D74B9E1C24BA900071AD3E /* OAuthSwiftFuturesOSX.h */,
				C4D74BA01C24BA900071AD3E /* Info.plist */,
			);
			path = OAuthSwiftFuturesOSX;
			sourceTree = "<group>";
		};
		C4D74BAB1C24BAD50071AD3E /* OAuthSwiftFuturesTVOS */ = {
			isa = PBXGroup;
			children = (
				C4D74BAC1C24BAD50071AD3E /* OAuthSwiftFuturesTVOS.h */,
				C4D74BAE1C24BAD50071AD3E /* Info.plist */,
			);
			path = OAuthSwiftFuturesTVOS;
			sourceTree = "<group>";
		};
/* End PBXGroup section */

/* Begin PBXHeadersBuildPhase section */
		C4D74B871C24B9D20071AD3E /* Headers */ = {
			isa = PBXHeadersBuildPhase;
			buildActionMask = 2147483647;
			files = (
				C4D74B8E1C24B9D20071AD3E /* OAuthSwiftFutures.h in Headers */,
			);
			runOnlyForDeploymentPostprocessing = 0;
		};
		C4D74B991C24BA900071AD3E /* Headers */ = {
			isa = PBXHeadersBuildPhase;
			buildActionMask = 2147483647;
			files = (
				C4D74B9F1C24BA900071AD3E /* OAuthSwiftFuturesOSX.h in Headers */,
			);
			runOnlyForDeploymentPostprocessing = 0;
		};
		C4D74BA71C24BAD50071AD3E /* Headers */ = {
			isa = PBXHeadersBuildPhase;
			buildActionMask = 2147483647;
			files = (
				C4D74BAD1C24BAD50071AD3E /* OAuthSwiftFuturesTVOS.h in Headers */,
			);
			runOnlyForDeploymentPostprocessing = 0;
		};
/* End PBXHeadersBuildPhase section */

/* Begin PBXNativeTarget section */
		C4D74B891C24B9D20071AD3E /* OAuthSwiftFuturesIOS */ = {
			isa = PBXNativeTarget;
			buildConfigurationList = C4D74B921C24B9D20071AD3E /* Build configuration list for PBXNativeTarget "OAuthSwiftFuturesIOS" */;
			buildPhases = (
				C4D74B851C24B9D20071AD3E /* Sources */,
				C4D74B861C24B9D20071AD3E /* Frameworks */,
				C4D74B871C24B9D20071AD3E /* Headers */,
				C4D74B881C24B9D20071AD3E /* Resources */,
			);
			buildRules = (
			);
			dependencies = (
			);
			name = OAuthSwiftFuturesIOS;
			productName = OAuthSwiftFutures;
			productReference = C4D74B8A1C24B9D20071AD3E /* OAuthSwiftFuturesIOS.framework */;
			productType = "com.apple.product-type.framework";
		};
		C4D74B9B1C24BA900071AD3E /* OAuthSwiftFuturesOSX */ = {
			isa = PBXNativeTarget;
			buildConfigurationList = C4D74BA11C24BA900071AD3E /* Build configuration list for PBXNativeTarget "OAuthSwiftFuturesOSX" */;
			buildPhases = (
				C4D74B971C24BA900071AD3E /* Sources */,
				C4D74B981C24BA900071AD3E /* Frameworks */,
				C4D74B991C24BA900071AD3E /* Headers */,
				C4D74B9A1C24BA900071AD3E /* Resources */,
			);
			buildRules = (
			);
			dependencies = (
			);
			name = OAuthSwiftFuturesOSX;
			productName = OAuthSwiftFuturesOSX;
			productReference = C4D74B9C1C24BA900071AD3E /* OAuthSwiftFutures.framework */;
			productType = "com.apple.product-type.framework";
		};
		C4D74BA91C24BAD50071AD3E /* OAuthSwiftFuturesTVOS */ = {
			isa = PBXNativeTarget;
			buildConfigurationList = C4D74BB11C24BAD50071AD3E /* Build configuration list for PBXNativeTarget "OAuthSwiftFuturesTVOS" */;
			buildPhases = (
				C4D74BA51C24BAD50071AD3E /* Sources */,
				C4D74BA61C24BAD50071AD3E /* Frameworks */,
				C4D74BA71C24BAD50071AD3E /* Headers */,
				C4D74BA81C24BAD50071AD3E /* Resources */,
			);
			buildRules = (
			);
			dependencies = (
			);
			name = OAuthSwiftFuturesTVOS;
			productName = OAuthSwiftFuturesTVOS;
			productReference = C4D74BAA1C24BAD50071AD3E /* OAuthSwiftFutures.framework */;
			productType = "com.apple.product-type.framework";
		};
/* End PBXNativeTarget section */

/* Begin PBXProject section */
		C4D74B811C24B9D20071AD3E /* Project object */ = {
			isa = PBXProject;
			attributes = {
				LastUpgradeCheck = 0800;
				ORGANIZATIONNAME = phimage;
				TargetAttributes = {
					C4D74B891C24B9D20071AD3E = {
						CreatedOnToolsVersion = 7.2;
						DevelopmentTeam = GGU39CDBL2;
					};
					C4D74B9B1C24BA900071AD3E = {
						CreatedOnToolsVersion = 7.2;
						LastSwiftMigration = 0800;
					};
					C4D74BA91C24BAD50071AD3E = {
						CreatedOnToolsVersion = 7.2;
						DevelopmentTeam = GGU39CDBL2;
					};
				};
			};
			buildConfigurationList = C4D74B841C24B9D20071AD3E /* Build configuration list for PBXProject "OAuthSwiftFutures" */;
			compatibilityVersion = "Xcode 3.2";
			developmentRegion = English;
			hasScannedForEncodings = 0;
			knownRegions = (
				en,
			);
			mainGroup = C4D74B801C24B9D20071AD3E;
			productRefGroup = C4D74B8B1C24B9D20071AD3E /* Products */;
			projectDirPath = "";
			projectRoot = "";
			targets = (
				C4D74B891C24B9D20071AD3E /* OAuthSwiftFuturesIOS */,
				C4D74B9B1C24BA900071AD3E /* OAuthSwiftFuturesOSX */,
				C4D74BA91C24BAD50071AD3E /* OAuthSwiftFuturesTVOS */,
			);
		};
/* End PBXProject section */

/* Begin PBXResourcesBuildPhase section */
		C4D74B881C24B9D20071AD3E /* Resources */ = {
			isa = PBXResourcesBuildPhase;
			buildActionMask = 2147483647;
			files = (
			);
			runOnlyForDeploymentPostprocessing = 0;
		};
		C4D74B9A1C24BA900071AD3E /* Resources */ = {
			isa = PBXResourcesBuildPhase;
			buildActionMask = 2147483647;
			files = (
			);
			runOnlyForDeploymentPostprocessing = 0;
		};
		C4D74BA81C24BAD50071AD3E /* Resources */ = {
			isa = PBXResourcesBuildPhase;
			buildActionMask = 2147483647;
			files = (
			);
			runOnlyForDeploymentPostprocessing = 0;
		};
/* End PBXResourcesBuildPhase section */

/* Begin PBXSourcesBuildPhase section */
		C4D74B851C24B9D20071AD3E /* Sources */ = {
			isa = PBXSourcesBuildPhase;
			buildActionMask = 2147483647;
			files = (
				C4D74B961C24B9E10071AD3E /* OAuthSwift+BrightFutures.swift in Sources */,
				C4D74BB31C24C0E40071AD3E /* OAuthSwiftClient+BrightFutures.swift in Sources */,
			);
			runOnlyForDeploymentPostprocessing = 0;
		};
		C4D74B971C24BA900071AD3E /* Sources */ = {
			isa = PBXSourcesBuildPhase;
			buildActionMask = 2147483647;
			files = (
				C4D74BA41C24BAA90071AD3E /* OAuthSwift+BrightFutures.swift in Sources */,
				C4D74BB41C24C0E40071AD3E /* OAuthSwiftClient+BrightFutures.swift in Sources */,
			);
			runOnlyForDeploymentPostprocessing = 0;
		};
		C4D74BA51C24BAD50071AD3E /* Sources */ = {
			isa = PBXSourcesBuildPhase;
			buildActionMask = 2147483647;
			files = (
				C40162C11C2EC26100AE1B5C /* OAuthSwift+BrightFutures.swift in Sources */,
				C4D74BB51C24C0E40071AD3E /* OAuthSwiftClient+BrightFutures.swift in Sources */,
			);
			runOnlyForDeploymentPostprocessing = 0;
		};
/* End PBXSourcesBuildPhase section */

/* Begin XCBuildConfiguration section */
		C4D74B901C24B9D20071AD3E /* Debug */ = {
			isa = XCBuildConfiguration;
			buildSettings = {
				ALWAYS_SEARCH_USER_PATHS = NO;
				CLANG_CXX_LANGUAGE_STANDARD = "gnu++0x";
				CLANG_CXX_LIBRARY = "libc++";
				CLANG_ENABLE_MODULES = YES;
				CLANG_ENABLE_OBJC_ARC = YES;
				CLANG_WARN_BOOL_CONVERSION = YES;
				CLANG_WARN_CONSTANT_CONVERSION = YES;
				CLANG_WARN_DIRECT_OBJC_ISA_USAGE = YES_ERROR;
				CLANG_WARN_EMPTY_BODY = YES;
				CLANG_WARN_ENUM_CONVERSION = YES;
				CLANG_WARN_INFINITE_RECURSION = YES;
				CLANG_WARN_INT_CONVERSION = YES;
				CLANG_WARN_OBJC_ROOT_CLASS = YES_ERROR;
				CLANG_WARN_SUSPICIOUS_MOVE = YES;
				CLANG_WARN_UNREACHABLE_CODE = YES;
				CLANG_WARN__DUPLICATE_METHOD_MATCH = YES;
				"CODE_SIGN_IDENTITY[sdk=iphoneos*]" = "iPhone Developer";
				COPY_PHASE_STRIP = NO;
				CURRENT_PROJECT_VERSION = 1;
				DEBUG_INFORMATION_FORMAT = dwarf;
				ENABLE_STRICT_OBJC_MSGSEND = YES;
				ENABLE_TESTABILITY = YES;
				GCC_C_LANGUAGE_STANDARD = gnu99;
				GCC_DYNAMIC_NO_PIC = NO;
				GCC_NO_COMMON_BLOCKS = YES;
				GCC_OPTIMIZATION_LEVEL = 0;
				GCC_PREPROCESSOR_DEFINITIONS = (
					"DEBUG=1",
					"$(inherited)",
				);
				GCC_WARN_64_TO_32_BIT_CONVERSION = YES;
				GCC_WARN_ABOUT_RETURN_TYPE = YES_ERROR;
				GCC_WARN_UNDECLARED_SELECTOR = YES;
				GCC_WARN_UNINITIALIZED_AUTOS = YES_AGGRESSIVE;
				GCC_WARN_UNUSED_FUNCTION = YES;
				GCC_WARN_UNUSED_VARIABLE = YES;
				IPHONEOS_DEPLOYMENT_TARGET = 9.2;
				MTL_ENABLE_DEBUG_INFO = YES;
				ONLY_ACTIVE_ARCH = YES;
				SDKROOT = iphoneos;
				SWIFT_OPTIMIZATION_LEVEL = "-Onone";
				TARGETED_DEVICE_FAMILY = "1,2";
				VERSIONING_SYSTEM = "apple-generic";
				VERSION_INFO_PREFIX = "";
			};
			name = Debug;
		};
		C4D74B911C24B9D20071AD3E /* Release */ = {
			isa = XCBuildConfiguration;
			buildSettings = {
				ALWAYS_SEARCH_USER_PATHS = NO;
				CLANG_CXX_LANGUAGE_STANDARD = "gnu++0x";
				CLANG_CXX_LIBRARY = "libc++";
				CLANG_ENABLE_MODULES = YES;
				CLANG_ENABLE_OBJC_ARC = YES;
				CLANG_WARN_BOOL_CONVERSION = YES;
				CLANG_WARN_CONSTANT_CONVERSION = YES;
				CLANG_WARN_DIRECT_OBJC_ISA_USAGE = YES_ERROR;
				CLANG_WARN_EMPTY_BODY = YES;
				CLANG_WARN_ENUM_CONVERSION = YES;
				CLANG_WARN_INFINITE_RECURSION = YES;
				CLANG_WARN_INT_CONVERSION = YES;
				CLANG_WARN_OBJC_ROOT_CLASS = YES_ERROR;
				CLANG_WARN_SUSPICIOUS_MOVE = YES;
				CLANG_WARN_UNREACHABLE_CODE = YES;
				CLANG_WARN__DUPLICATE_METHOD_MATCH = YES;
				"CODE_SIGN_IDENTITY[sdk=iphoneos*]" = "iPhone Developer";
				COPY_PHASE_STRIP = NO;
				CURRENT_PROJECT_VERSION = 1;
				DEBUG_INFORMATION_FORMAT = "dwarf-with-dsym";
				ENABLE_NS_ASSERTIONS = NO;
				ENABLE_STRICT_OBJC_MSGSEND = YES;
				GCC_C_LANGUAGE_STANDARD = gnu99;
				GCC_NO_COMMON_BLOCKS = YES;
				GCC_WARN_64_TO_32_BIT_CONVERSION = YES;
				GCC_WARN_ABOUT_RETURN_TYPE = YES_ERROR;
				GCC_WARN_UNDECLARED_SELECTOR = YES;
				GCC_WARN_UNINITIALIZED_AUTOS = YES_AGGRESSIVE;
				GCC_WARN_UNUSED_FUNCTION = YES;
				GCC_WARN_UNUSED_VARIABLE = YES;
				IPHONEOS_DEPLOYMENT_TARGET = 9.2;
				MTL_ENABLE_DEBUG_INFO = NO;
				SDKROOT = iphoneos;
				SWIFT_OPTIMIZATION_LEVEL = "-Owholemodule";
				TARGETED_DEVICE_FAMILY = "1,2";
				VALIDATE_PRODUCT = YES;
				VERSIONING_SYSTEM = "apple-generic";
				VERSION_INFO_PREFIX = "";
			};
			name = Release;
		};
		C4D74B931C24B9D20071AD3E /* Debug */ = {
			isa = XCBuildConfiguration;
			buildSettings = {
				CLANG_ENABLE_MODULES = YES;
				"CODE_SIGN_IDENTITY[sdk=iphoneos*]" = "";
				DEFINES_MODULE = YES;
				DYLIB_COMPATIBILITY_VERSION = 1;
				DYLIB_CURRENT_VERSION = 1;
				DYLIB_INSTALL_NAME_BASE = "@rpath";
				FRAMEWORK_SEARCH_PATHS = (
					"$(inherited)",
					"$(PROJECT_DIR)/Carthage/Build/iOS",
				);
				INFOPLIST_FILE = OAuthSwiftFutures/Info.plist;
				INSTALL_PATH = "$(LOCAL_LIBRARY_DIR)/Frameworks";
				LD_RUNPATH_SEARCH_PATHS = "$(inherited) @executable_path/Frameworks @loader_path/Frameworks";
				PRODUCT_BUNDLE_IDENTIFIER = fr.phimage.OAuthSwiftFutures;
				PRODUCT_NAME = "$(TARGET_NAME)";
				SKIP_INSTALL = YES;
				SWIFT_OPTIMIZATION_LEVEL = "-Onone";
				SWIFT_VERSION = 3.0;
			};
			name = Debug;
		};
		C4D74B941C24B9D20071AD3E /* Release */ = {
			isa = XCBuildConfiguration;
			buildSettings = {
				CLANG_ENABLE_MODULES = YES;
				"CODE_SIGN_IDENTITY[sdk=iphoneos*]" = "";
				DEFINES_MODULE = YES;
				DYLIB_COMPATIBILITY_VERSION = 1;
				DYLIB_CURRENT_VERSION = 1;
				DYLIB_INSTALL_NAME_BASE = "@rpath";
				FRAMEWORK_SEARCH_PATHS = (
					"$(inherited)",
					"$(PROJECT_DIR)/Carthage/Build/iOS",
				);
				INFOPLIST_FILE = OAuthSwiftFutures/Info.plist;
				INSTALL_PATH = "$(LOCAL_LIBRARY_DIR)/Frameworks";
				LD_RUNPATH_SEARCH_PATHS = "$(inherited) @executable_path/Frameworks @loader_path/Frameworks";
				PRODUCT_BUNDLE_IDENTIFIER = fr.phimage.OAuthSwiftFutures;
				PRODUCT_NAME = "$(TARGET_NAME)";
				SKIP_INSTALL = YES;
				SWIFT_VERSION = 3.0;
			};
			name = Release;
		};
		C4D74BA21C24BA900071AD3E /* Debug */ = {
			isa = XCBuildConfiguration;
			buildSettings = {
				CODE_SIGN_IDENTITY = "";
				COMBINE_HIDPI_IMAGES = YES;
				DEFINES_MODULE = YES;
				DYLIB_COMPATIBILITY_VERSION = 1;
				DYLIB_CURRENT_VERSION = 1;
				DYLIB_INSTALL_NAME_BASE = "@rpath";
				FRAMEWORK_SEARCH_PATHS = (
					"$(inherited)",
					"$(PROJECT_DIR)/Carthage/Build/Mac",
				);
				FRAMEWORK_VERSION = A;
				INFOPLIST_FILE = OAuthSwiftFuturesOSX/Info.plist;
				INSTALL_PATH = "$(LOCAL_LIBRARY_DIR)/Frameworks";
				LD_RUNPATH_SEARCH_PATHS = "$(inherited) @executable_path/../Frameworks @loader_path/Frameworks";
				MACOSX_DEPLOYMENT_TARGET = 10.10;
				PRODUCT_BUNDLE_IDENTIFIER = fr.phimage.OAuthSwiftFuturesOSX;
				PRODUCT_NAME = OAuthSwiftFutures;
				SDKROOT = macosx;
				SKIP_INSTALL = YES;
				SWIFT_VERSION = 3.0;
			};
			name = Debug;
		};
		C4D74BA31C24BA900071AD3E /* Release */ = {
			isa = XCBuildConfiguration;
			buildSettings = {
				CODE_SIGN_IDENTITY = "";
				COMBINE_HIDPI_IMAGES = YES;
				DEFINES_MODULE = YES;
				DYLIB_COMPATIBILITY_VERSION = 1;
				DYLIB_CURRENT_VERSION = 1;
				DYLIB_INSTALL_NAME_BASE = "@rpath";
				FRAMEWORK_SEARCH_PATHS = (
					"$(inherited)",
					"$(PROJECT_DIR)/Carthage/Build/Mac",
				);
				FRAMEWORK_VERSION = A;
				INFOPLIST_FILE = OAuthSwiftFuturesOSX/Info.plist;
				INSTALL_PATH = "$(LOCAL_LIBRARY_DIR)/Frameworks";
				LD_RUNPATH_SEARCH_PATHS = "$(inherited) @executable_path/../Frameworks @loader_path/Frameworks";
				MACOSX_DEPLOYMENT_TARGET = 10.10;
				PRODUCT_BUNDLE_IDENTIFIER = fr.phimage.OAuthSwiftFuturesOSX;
				PRODUCT_NAME = OAuthSwiftFutures;
				SDKROOT = macosx;
				SKIP_INSTALL = YES;
				SWIFT_VERSION = 3.0;
			};
			name = Release;
		};
		C4D74BAF1C24BAD50071AD3E /* Debug */ = {
			isa = XCBuildConfiguration;
			buildSettings = {
				CLANG_ENABLE_MODULES = YES;
				"CODE_SIGN_IDENTITY[sdk=appletvos*]" = "";
				DEFINES_MODULE = YES;
				DYLIB_COMPATIBILITY_VERSION = 1;
				DYLIB_CURRENT_VERSION = 1;
				DYLIB_INSTALL_NAME_BASE = "@rpath";
				FRAMEWORK_SEARCH_PATHS = (
					"$(inherited)",
					"$(PROJECT_DIR)/Carthage/Build/tvOS",
				);
				INFOPLIST_FILE = OAuthSwiftFuturesTVOS/Info.plist;
				INSTALL_PATH = "$(LOCAL_LIBRARY_DIR)/Frameworks";
				LD_RUNPATH_SEARCH_PATHS = "$(inherited) @executable_path/Frameworks @loader_path/Frameworks";
				PRODUCT_BUNDLE_IDENTIFIER = fr.phimage.OAuthSwiftFuturesTVOS;
				PRODUCT_NAME = OAuthSwiftFutures;
				SDKROOT = appletvos;
				SKIP_INSTALL = YES;
				SWIFT_OPTIMIZATION_LEVEL = "-Onone";
				SWIFT_VERSION = 3.0;
				TARGETED_DEVICE_FAMILY = 3;
				TVOS_DEPLOYMENT_TARGET = 9.1;
			};
			name = Debug;
		};
		C4D74BB01C24BAD50071AD3E /* Release */ = {
			isa = XCBuildConfiguration;
			buildSettings = {
				CLANG_ENABLE_MODULES = YES;
				"CODE_SIGN_IDENTITY[sdk=appletvos*]" = "";
				DEFINES_MODULE = YES;
				DYLIB_COMPATIBILITY_VERSION = 1;
				DYLIB_CURRENT_VERSION = 1;
				DYLIB_INSTALL_NAME_BASE = "@rpath";
				FRAMEWORK_SEARCH_PATHS = (
					"$(inherited)",
					"$(PROJECT_DIR)/Carthage/Build/tvOS",
				);
				INFOPLIST_FILE = OAuthSwiftFuturesTVOS/Info.plist;
				INSTALL_PATH = "$(LOCAL_LIBRARY_DIR)/Frameworks";
				LD_RUNPATH_SEARCH_PATHS = "$(inherited) @executable_path/Frameworks @loader_path/Frameworks";
				PRODUCT_BUNDLE_IDENTIFIER = fr.phimage.OAuthSwiftFuturesTVOS;
				PRODUCT_NAME = OAuthSwiftFutures;
				SDKROOT = appletvos;
				SKIP_INSTALL = YES;
				SWIFT_VERSION = 3.0;
				TARGETED_DEVICE_FAMILY = 3;
				TVOS_DEPLOYMENT_TARGET = 9.1;
			};
			name = Release;
		};
/* End XCBuildConfiguration section */

/* Begin XCConfigurationList section */
		C4D74B841C24B9D20071AD3E /* Build configuration list for PBXProject "OAuthSwiftFutures" */ = {
			isa = XCConfigurationList;
			buildConfigurations = (
				C4D74B901C24B9D20071AD3E /* Debug */,
				C4D74B911C24B9D20071AD3E /* Release */,
			);
			defaultConfigurationIsVisible = 0;
			defaultConfigurationName = Release;
		};
		C4D74B921C24B9D20071AD3E /* Build configuration list for PBXNativeTarget "OAuthSwiftFuturesIOS" */ = {
			isa = XCConfigurationList;
			buildConfigurations = (
				C4D74B931C24B9D20071AD3E /* Debug */,
				C4D74B941C24B9D20071AD3E /* Release */,
			);
			defaultConfigurationIsVisible = 0;
			defaultConfigurationName = Release;
		};
		C4D74BA11C24BA900071AD3E /* Build configuration list for PBXNativeTarget "OAuthSwiftFuturesOSX" */ = {
			isa = XCConfigurationList;
			buildConfigurations = (
				C4D74BA21C24BA900071AD3E /* Debug */,
				C4D74BA31C24BA900071AD3E /* Release */,
			);
			defaultConfigurationIsVisible = 0;
			defaultConfigurationName = Release;
		};
		C4D74BB11C24BAD50071AD3E /* Build configuration list for PBXNativeTarget "OAuthSwiftFuturesTVOS" */ = {
			isa = XCConfigurationList;
			buildConfigurations = (
				C4D74BAF1C24BAD50071AD3E /* Debug */,
				C4D74BB01C24BAD50071AD3E /* Release */,
			);
			defaultConfigurationIsVisible = 0;
			defaultConfigurationName = Release;
		};
/* End XCConfigurationList section */
	};
	rootObject = C4D74B811C24B9D20071AD3E /* Project object */;
}
